github.com/hugomods/images v0.12.3 h1:FiHZnFgbxn4SpxdY8harOxhYKA8WhAgibJoHhIe9sdU=
github.com/hugomods/images v0.12.3/go.mod h1:U6Gwj16LKvk66rOMyGFrnF6f0aV8lT89lqOsckOAjYY=
gitlab.com/gabmus/hugo-ficurinia v0.0.0-20260310223027-ade0de940a87 h1:0zdClEo6u84WffDcIBIu4sKhrYNy4FFNIuy4XDp4bV0=
gitlab.com/gabmus/hugo-ficurinia v0.0.0-20260310223027-ade0de940a87/go.mod h1:nmsV9/x7nn3bvahS0FgLujjD8VV0PDaAHJxrgq+dACM=
